<?xml version="1.0" encoding="utf-8"?>
<Project ToolsVersion="4.0" xmlns="http://schemas.microsoft.com/developer/msbuild/2003">
  <ItemGroup>
    <Filter Include="Game">
      <UniqueIdentifier>{e4d22ab5-834b-4fda-a97e-7caac7f98657}</UniqueIdentifier>
    </Filter>
    <Filter Include="Network">
      <UniqueIdentifier>{9f5e4ed5-96c1-41b3-b01e-ac30bb6d8331}</UniqueIdentifier>
    </Filter>
    <Filter Include="Database">
      <UniqueIdentifier>{71e0641f-8be7-421c-a4f9-4e39a2605fd1}</UniqueIdentifier>
    </Filter>
    <Filter Include="Network\Lobby">
      <UniqueIdentifier>{32159e1d-0eaa-4a83-94af-9c3c3777c5df}</UniqueIdentifier>
    </Filter>
    <Filter Include="Network\InGame">
      <UniqueIdentifier>{62f8578c-60b0-4d32-8eb8-0788ecd1e551}</UniqueIdentifier>
    </Filter>
    <Filter Include="remain">
      <UniqueIdentifier>{4FC737F1-C7A5-4376-A066-2A32D752A2FF}</UniqueIdentifier>
      <Extensions>cpp;c;cc;cxx;c++;cppm;ixx;def;odl;idl;hpj;bat;asm;asmx</Extensions>
    </Filter>
  </ItemGroup>
  <ItemGroup>
    <ClCompile Include="MathHelper.cpp">
      <Filter>remain</Filter>
    </ClCompile>
    <ClCompile Include="GameObject.cpp">
      <Filter>Game</Filter>
    </ClCompile>
    <ClCompile Include="Player.cpp">
      <Filter>Game</Filter>
    </ClCompile>
    <ClCompile Include="TCPDevice.cpp">
      <Filter>Network</Filter>
    </ClCompile>
    <ClCompile Include="DataServer.cpp">
      <Filter>Database</Filter>
    </ClCompile>
    <ClCompile Include="GameServer.cpp">
      <Filter>Network\InGame</Filter>
    </ClCompile>
    <ClCompile Include="LobbyServer.cpp">
      <Filter>Network\Lobby</Filter>
    </ClCompile>
    <ClCompile Include="stdafx.h">
      <Filter>remain</Filter>
    </ClCompile>
  </ItemGroup>
  <ItemGroup>
    <None Include="packages.config" />
  </ItemGroup>
  <ItemGroup>
    <ClInclude Include="GameObject.h">
      <Filter>Game</Filter>
    </ClInclude>
    <ClInclude Include="Player.h">
      <Filter>Game</Filter>
    </ClInclude>
    <ClInclude Include="TCPDevice.h">
      <Filter>Network</Filter>
    </ClInclude>
    <ClInclude Include="MathHelper.h">
      <Filter>remain</Filter>
    </ClInclude>
    <ClInclude Include="Protocol.h">
      <Filter>remain</Filter>
    </ClInclude>
    <ClInclude Include="targetver.h">
      <Filter>remain</Filter>
    </ClInclude>
  </ItemGroup>
</Project>